// !$*UTF8*$!
{
	archiveVersion = 1;
	classes = {
	};
	objectVersion = 46;
	objects = {

/* Begin PBXBuildFile section */
		1422A34C19E66FA9008E359B /* Images.xcassets in Resources */ = {isa = PBXBuildFile; fileRef = 14FBD3B319E21213005FC38B /* Images.xcassets */; };
		145A376219E4316200BE34BE /* DummyKeyboardViewController.m in Sources */ = {isa = PBXBuildFile; fileRef = 145A376119E4316200BE34BE /* DummyKeyboardViewController.m */; };
		1491181319E42AA80039488F /* UITraitCollection+keyboard.m in Sources */ = {isa = PBXBuildFile; fileRef = 1491181219E42AA80039488F /* UITraitCollection+keyboard.m */; };
		1491181419E42AA80039488F /* UITraitCollection+keyboard.m in Sources */ = {isa = PBXBuildFile; fileRef = 1491181219E42AA80039488F /* UITraitCollection+keyboard.m */; };
		14A5138419EC68530098C02C /* ActionViewController.m in Sources */ = {isa = PBXBuildFile; fileRef = 14A5138319EC68530098C02C /* ActionViewController.m */; };
		14A5138619EC68530098C02C /* MainInterface.storyboard in Resources */ = {isa = PBXBuildFile; fileRef = 14A5138519EC68530098C02C /* MainInterface.storyboard */; };
		14A5138919EC68530098C02C /* register.appex in Embed App Extensions */ = {isa = PBXBuildFile; fileRef = 14A5137E19EC68530098C02C /* register.appex */; settings = {ATTRIBUTES = (RemoveHeadersOnCopy, ); }; };
		14A5139119EC75300098C02C /* extension_js.js in Resources */ = {isa = PBXBuildFile; fileRef = 14A5138F19EC75300098C02C /* extension_js.js */; };
		14A5139319EC85710098C02C /* UZCursorView.m in Sources */ = {isa = PBXBuildFile; fileRef = 14CB155F19E935BB00D05E9C /* UZCursorView.m */; };
		14A5139419EC85710098C02C /* UZLoupeView.m in Sources */ = {isa = PBXBuildFile; fileRef = 14CB156119E935BB00D05E9C /* UZLoupeView.m */; };
		14A5139519EC85710098C02C /* UZTextView.m in Sources */ = {isa = PBXBuildFile; fileRef = 14CB156319E935BB00D05E9C /* UZTextView.m */; };
		14A5139619EC85750098C02C /* AAKTextView.m in Sources */ = {isa = PBXBuildFile; fileRef = 14CB156F19E9C3C200D05E9C /* AAKTextView.m */; };
		14A5139719EC857E0098C02C /* NSParagraphStyle+keyboard.m in Sources */ = {isa = PBXBuildFile; fileRef = 14CB157719E9C73900D05E9C /* NSParagraphStyle+keyboard.m */; };
		14A5139819EC85BF0098C02C /* mona.ttf in Resources */ = {isa = PBXBuildFile; fileRef = 14CB156B19E935D700D05E9C /* mona.ttf */; };
		14B2673E19E6BFD000C0321D /* AAKToolbar.m in Sources */ = {isa = PBXBuildFile; fileRef = 14B2673D19E6BFD000C0321D /* AAKToolbar.m */; };
		14B2673F19E6BFD300C0321D /* AAKToolbar.m in Sources */ = {isa = PBXBuildFile; fileRef = 14B2673D19E6BFD000C0321D /* AAKToolbar.m */; };
		14B2674219E6BFE900C0321D /* AAKKeyboardView.m in Sources */ = {isa = PBXBuildFile; fileRef = 14B2674119E6BFE900C0321D /* AAKKeyboardView.m */; };
		14B2674319E6BFE900C0321D /* AAKKeyboardView.m in Sources */ = {isa = PBXBuildFile; fileRef = 14B2674119E6BFE900C0321D /* AAKKeyboardView.m */; };
		14B2674A19E6CB2500C0321D /* AAKContentCell.m in Sources */ = {isa = PBXBuildFile; fileRef = 14B2674919E6CB2500C0321D /* AAKContentCell.m */; };
		14B2674B19E6CB2500C0321D /* AAKContentCell.m in Sources */ = {isa = PBXBuildFile; fileRef = 14B2674919E6CB2500C0321D /* AAKContentCell.m */; };
		14B73C6519E3C7CA0031DCB6 /* AAKToolbarCell.m in Sources */ = {isa = PBXBuildFile; fileRef = 14B73C6419E3C7CA0031DCB6 /* AAKToolbarCell.m */; };
		14B73C6719E3C9060031DCB6 /* AAKToolbarCell.m in Sources */ = {isa = PBXBuildFile; fileRef = 14B73C6419E3C7CA0031DCB6 /* AAKToolbarCell.m */; };
		14CB156419E935BB00D05E9C /* UZCursorView.m in Sources */ = {isa = PBXBuildFile; fileRef = 14CB155F19E935BB00D05E9C /* UZCursorView.m */; };
		14CB156519E935BB00D05E9C /* UZCursorView.m in Sources */ = {isa = PBXBuildFile; fileRef = 14CB155F19E935BB00D05E9C /* UZCursorView.m */; };
		14CB156619E935BB00D05E9C /* UZLoupeView.m in Sources */ = {isa = PBXBuildFile; fileRef = 14CB156119E935BB00D05E9C /* UZLoupeView.m */; };
		14CB156719E935BB00D05E9C /* UZLoupeView.m in Sources */ = {isa = PBXBuildFile; fileRef = 14CB156119E935BB00D05E9C /* UZLoupeView.m */; };
		14CB156819E935BB00D05E9C /* UZTextView.m in Sources */ = {isa = PBXBuildFile; fileRef = 14CB156319E935BB00D05E9C /* UZTextView.m */; };
		14CB156919E935BB00D05E9C /* UZTextView.m in Sources */ = {isa = PBXBuildFile; fileRef = 14CB156319E935BB00D05E9C /* UZTextView.m */; };
		14CB156C19E935D700D05E9C /* mona.ttf in Resources */ = {isa = PBXBuildFile; fileRef = 14CB156B19E935D700D05E9C /* mona.ttf */; };
		14CB156D19E935D700D05E9C /* mona.ttf in Resources */ = {isa = PBXBuildFile; fileRef = 14CB156B19E935D700D05E9C /* mona.ttf */; };
		14CB157019E9C3C200D05E9C /* AAKTextView.m in Sources */ = {isa = PBXBuildFile; fileRef = 14CB156F19E9C3C200D05E9C /* AAKTextView.m */; };
		14CB157119E9C3C200D05E9C /* AAKTextView.m in Sources */ = {isa = PBXBuildFile; fileRef = 14CB156F19E9C3C200D05E9C /* AAKTextView.m */; };
		14CB157819E9C73900D05E9C /* NSParagraphStyle+keyboard.m in Sources */ = {isa = PBXBuildFile; fileRef = 14CB157719E9C73900D05E9C /* NSParagraphStyle+keyboard.m */; };
		14CB157919E9C73900D05E9C /* NSParagraphStyle+keyboard.m in Sources */ = {isa = PBXBuildFile; fileRef = 14CB157719E9C73900D05E9C /* NSParagraphStyle+keyboard.m */; };
		14CB157C19EA328500D05E9C /* AAKToolbarHistoryCell.m in Sources */ = {isa = PBXBuildFile; fileRef = 14CB157B19EA328500D05E9C /* AAKToolbarHistoryCell.m */; };
		14CB157D19EA328500D05E9C /* AAKToolbarHistoryCell.m in Sources */ = {isa = PBXBuildFile; fileRef = 14CB157B19EA328500D05E9C /* AAKToolbarHistoryCell.m */; };
		14CB158819EB420F00D05E9C /* AAKASCIIArt.m in Sources */ = {isa = PBXBuildFile; fileRef = 14CB158719EB420F00D05E9C /* AAKASCIIArt.m */; };
		14CB158919EB420F00D05E9C /* AAKASCIIArt.m in Sources */ = {isa = PBXBuildFile; fileRef = 14CB158719EB420F00D05E9C /* AAKASCIIArt.m */; };
		14CB158C19EB56F600D05E9C /* AAKASCIIArtGroup.m in Sources */ = {isa = PBXBuildFile; fileRef = 14CB158B19EB56F600D05E9C /* AAKASCIIArtGroup.m */; };
		14CB158D19EB56F600D05E9C /* AAKASCIIArtGroup.m in Sources */ = {isa = PBXBuildFile; fileRef = 14CB158B19EB56F600D05E9C /* AAKASCIIArtGroup.m */; };
		14F7A2F219E781A9007585CF /* AAKContentFlowLayout.m in Sources */ = {isa = PBXBuildFile; fileRef = 14F7A2F119E781A9007585CF /* AAKContentFlowLayout.m */; };
		14F7A2F319E781E0007585CF /* AAKContentFlowLayout.m in Sources */ = {isa = PBXBuildFile; fileRef = 14F7A2F119E781A9007585CF /* AAKContentFlowLayout.m */; };
		14FBD3A919E21213005FC38B /* main.m in Sources */ = {isa = PBXBuildFile; fileRef = 14FBD3A819E21213005FC38B /* main.m */; };
		14FBD3AC19E21213005FC38B /* AppDelegate.m in Sources */ = {isa = PBXBuildFile; fileRef = 14FBD3AB19E21213005FC38B /* AppDelegate.m */; };
		14FBD3AF19E21213005FC38B /* ViewController.m in Sources */ = {isa = PBXBuildFile; fileRef = 14FBD3AE19E21213005FC38B /* ViewController.m */; };
		14FBD3B219E21213005FC38B /* Main.storyboard in Resources */ = {isa = PBXBuildFile; fileRef = 14FBD3B019E21213005FC38B /* Main.storyboard */; };
		14FBD3B419E21213005FC38B /* Images.xcassets in Resources */ = {isa = PBXBuildFile; fileRef = 14FBD3B319E21213005FC38B /* Images.xcassets */; };
		14FBD3B719E21213005FC38B /* LaunchScreen.xib in Resources */ = {isa = PBXBuildFile; fileRef = 14FBD3B519E21213005FC38B /* LaunchScreen.xib */; };
		14FBD3C319E21213005FC38B /* AAKeyboardAppTests.m in Sources */ = {isa = PBXBuildFile; fileRef = 14FBD3C219E21213005FC38B /* AAKeyboardAppTests.m */; };
		14FBD3D619E21263005FC38B /* KeyboardViewController.m in Sources */ = {isa = PBXBuildFile; fileRef = 14FBD3D519E21263005FC38B /* KeyboardViewController.m */; };
		14FBD3D919E21263005FC38B /* keyboard.appex in Embed App Extensions */ = {isa = PBXBuildFile; fileRef = 14FBD3D019E21263005FC38B /* keyboard.appex */; settings = {ATTRIBUTES = (RemoveHeadersOnCopy, ); }; };
/* End PBXBuildFile section */

/* Begin PBXContainerItemProxy section */
		14A5138719EC68530098C02C /* PBXContainerItemProxy */ = {
			isa = PBXContainerItemProxy;
			containerPortal = 14FBD39B19E21213005FC38B /* Project object */;
			proxyType = 1;
			remoteGlobalIDString = 14A5137D19EC68530098C02C;
			remoteInfo = register;
		};
		14A5138A19EC68530098C02C /* PBXContainerItemProxy */ = {
			isa = PBXContainerItemProxy;
			containerPortal = 14FBD39B19E21213005FC38B /* Project object */;
			proxyType = 1;
			remoteGlobalIDString = 14A5137D19EC68530098C02C;
			remoteInfo = register;
		};
		14FBD3BD19E21213005FC38B /* PBXContainerItemProxy */ = {
			isa = PBXContainerItemProxy;
			containerPortal = 14FBD39B19E21213005FC38B /* Project object */;
			proxyType = 1;
			remoteGlobalIDString = 14FBD3A219E21213005FC38B;
			remoteInfo = AAKeyboardApp;
		};
		14FBD3D719E21263005FC38B /* PBXContainerItemProxy */ = {
			isa = PBXContainerItemProxy;
			containerPortal = 14FBD39B19E21213005FC38B /* Project object */;
			proxyType = 1;
			remoteGlobalIDString = 14FBD3CF19E21263005FC38B;
			remoteInfo = keyboard;
		};
/* End PBXContainerItemProxy section */

/* Begin PBXCopyFilesBuildPhase section */
		14FBD3DD19E21263005FC38B /* Embed App Extensions */ = {
			isa = PBXCopyFilesBuildPhase;
			buildActionMask = 2147483647;
			dstPath = "";
			dstSubfolderSpec = 13;
			files = (
				14FBD3D919E21263005FC38B /* keyboard.appex in Embed App Extensions */,
				14A5138919EC68530098C02C /* register.appex in Embed App Extensions */,
			);
			name = "Embed App Extensions";
			runOnlyForDeploymentPostprocessing = 0;
		};
/* End PBXCopyFilesBuildPhase section */

/* Begin PBXFileReference section */
		1441E88119ECD7F300A4881F /* register.entitlements */ = {isa = PBXFileReference; lastKnownFileType = text.xml; path = register.entitlements; sourceTree = "<group>"; };
		1441E88219ECD7FF00A4881F /* keyboard.entitlements */ = {isa = PBXFileReference; lastKnownFileType = text.xml; path = keyboard.entitlements; sourceTree = "<group>"; };
		1441E88319ECD83C00A4881F /* AAKeyboardApp.entitlements */ = {isa = PBXFileReference; lastKnownFileType = text.xml; path = AAKeyboardApp.entitlements; sourceTree = "<group>"; };
		145A376019E4316200BE34BE /* DummyKeyboardViewController.h */ = {isa = PBXFileReference; fileEncoding = 4; lastKnownFileType = sourcecode.c.h; path = DummyKeyboardViewController.h; sourceTree = "<group>"; };
		145A376119E4316200BE34BE /* DummyKeyboardViewController.m */ = {isa = PBXFileReference; fileEncoding = 4; lastKnownFileType = sourcecode.c.objc; path = DummyKeyboardViewController.m; sourceTree = "<group>"; };
		1491181119E42AA80039488F /* UITraitCollection+keyboard.h */ = {isa = PBXFileReference; fileEncoding = 4; lastKnownFileType = sourcecode.c.h; path = "UITraitCollection+keyboard.h"; sourceTree = "<group>"; };
		1491181219E42AA80039488F /* UITraitCollection+keyboard.m */ = {isa = PBXFileReference; fileEncoding = 4; lastKnownFileType = sourcecode.c.objc; path = "UITraitCollection+keyboard.m"; sourceTree = "<group>"; };
		14A5137E19EC68530098C02C /* register.appex */ = {isa = PBXFileReference; explicitFileType = "wrapper.app-extension"; includeInIndex = 0; path = register.appex; sourceTree = BUILT_PRODUCTS_DIR; };
		14A5138119EC68530098C02C /* Info.plist */ = {isa = PBXFileReference; lastKnownFileType = text.plist.xml; path = Info.plist; sourceTree = "<group>"; };
		14A5138219EC68530098C02C /* ActionViewController.h */ = {isa = PBXFileReference; lastKnownFileType = sourcecode.c.h; path = ActionViewController.h; sourceTree = "<group>"; };
		14A5138319EC68530098C02C /* ActionViewController.m */ = {isa = PBXFileReference; lastKnownFileType = sourcecode.c.objc; path = ActionViewController.m; sourceTree = "<group>"; };
		14A5138519EC68530098C02C /* MainInterface.storyboard */ = {isa = PBXFileReference; lastKnownFileType = file.storyboard; path = MainInterface.storyboard; sourceTree = "<group>"; };
		14A5138F19EC75300098C02C /* extension_js.js */ = {isa = PBXFileReference; fileEncoding = 4; lastKnownFileType = sourcecode.javascript; path = extension_js.js; sourceTree = "<group>"; };
		14B2673C19E6BFD000C0321D /* AAKToolbar.h */ = {isa = PBXFileReference; fileEncoding = 4; lastKnownFileType = sourcecode.c.h; path = AAKToolbar.h; sourceTree = "<group>"; };
		14B2673D19E6BFD000C0321D /* AAKToolbar.m */ = {isa = PBXFileReference; fileEncoding = 4; lastKnownFileType = sourcecode.c.objc; path = AAKToolbar.m; sourceTree = "<group>"; };
		14B2674019E6BFE900C0321D /* AAKKeyboardView.h */ = {isa = PBXFileReference; fileEncoding = 4; lastKnownFileType = sourcecode.c.h; path = AAKKeyboardView.h; sourceTree = "<group>"; };
		14B2674119E6BFE900C0321D /* AAKKeyboardView.m */ = {isa = PBXFileReference; fileEncoding = 4; lastKnownFileType = sourcecode.c.objc; path = AAKKeyboardView.m; sourceTree = "<group>"; };
		14B2674819E6CB2500C0321D /* AAKContentCell.h */ = {isa = PBXFileReference; fileEncoding = 4; lastKnownFileType = sourcecode.c.h; path = AAKContentCell.h; sourceTree = "<group>"; };
		14B2674919E6CB2500C0321D /* AAKContentCell.m */ = {isa = PBXFileReference; fileEncoding = 4; lastKnownFileType = sourcecode.c.objc; path = AAKContentCell.m; sourceTree = "<group>"; };
		14B73C6319E3C7CA0031DCB6 /* AAKToolbarCell.h */ = {isa = PBXFileReference; fileEncoding = 4; lastKnownFileType = sourcecode.c.h; path = AAKToolbarCell.h; sourceTree = "<group>"; };
		14B73C6419E3C7CA0031DCB6 /* AAKToolbarCell.m */ = {isa = PBXFileReference; fileEncoding = 4; lastKnownFileType = sourcecode.c.objc; path = AAKToolbarCell.m; sourceTree = "<group>"; };
		14CB155E19E935BB00D05E9C /* UZCursorView.h */ = {isa = PBXFileReference; fileEncoding = 4; lastKnownFileType = sourcecode.c.h; path = UZCursorView.h; sourceTree = "<group>"; };
		14CB155F19E935BB00D05E9C /* UZCursorView.m */ = {isa = PBXFileReference; fileEncoding = 4; lastKnownFileType = sourcecode.c.objc; path = UZCursorView.m; sourceTree = "<group>"; };
		14CB156019E935BB00D05E9C /* UZLoupeView.h */ = {isa = PBXFileReference; fileEncoding = 4; lastKnownFileType = sourcecode.c.h; path = UZLoupeView.h; sourceTree = "<group>"; };
		14CB156119E935BB00D05E9C /* UZLoupeView.m */ = {isa = PBXFileReference; fileEncoding = 4; lastKnownFileType = sourcecode.c.objc; path = UZLoupeView.m; sourceTree = "<group>"; };
		14CB156219E935BB00D05E9C /* UZTextView.h */ = {isa = PBXFileReference; fileEncoding = 4; lastKnownFileType = sourcecode.c.h; path = UZTextView.h; sourceTree = "<group>"; };
		14CB156319E935BB00D05E9C /* UZTextView.m */ = {isa = PBXFileReference; fileEncoding = 4; lastKnownFileType = sourcecode.c.objc; path = UZTextView.m; sourceTree = "<group>"; };
		14CB156B19E935D700D05E9C /* mona.ttf */ = {isa = PBXFileReference; lastKnownFileType = file; path = mona.ttf; sourceTree = "<group>"; };
		14CB156E19E9C3C200D05E9C /* AAKTextView.h */ = {isa = PBXFileReference; fileEncoding = 4; lastKnownFileType = sourcecode.c.h; path = AAKTextView.h; sourceTree = "<group>"; };
		14CB156F19E9C3C200D05E9C /* AAKTextView.m */ = {isa = PBXFileReference; fileEncoding = 4; lastKnownFileType = sourcecode.c.objc; path = AAKTextView.m; sourceTree = "<group>"; };
		14CB157619E9C73900D05E9C /* NSParagraphStyle+keyboard.h */ = {isa = PBXFileReference; fileEncoding = 4; lastKnownFileType = sourcecode.c.h; path = "NSParagraphStyle+keyboard.h"; sourceTree = "<group>"; };
		14CB157719E9C73900D05E9C /* NSParagraphStyle+keyboard.m */ = {isa = PBXFileReference; fileEncoding = 4; lastKnownFileType = sourcecode.c.objc; path = "NSParagraphStyle+keyboard.m"; sourceTree = "<group>"; };
		14CB157A19EA328500D05E9C /* AAKToolbarHistoryCell.h */ = {isa = PBXFileReference; fileEncoding = 4; lastKnownFileType = sourcecode.c.h; path = AAKToolbarHistoryCell.h; sourceTree = "<group>"; };
		14CB157B19EA328500D05E9C /* AAKToolbarHistoryCell.m */ = {isa = PBXFileReference; fileEncoding = 4; lastKnownFileType = sourcecode.c.objc; path = AAKToolbarHistoryCell.m; sourceTree = "<group>"; };
		14CB158619EB420F00D05E9C /* AAKASCIIArt.h */ = {isa = PBXFileReference; fileEncoding = 4; lastKnownFileType = sourcecode.c.h; path = AAKASCIIArt.h; sourceTree = "<group>"; };
		14CB158719EB420F00D05E9C /* AAKASCIIArt.m */ = {isa = PBXFileReference; fileEncoding = 4; lastKnownFileType = sourcecode.c.objc; path = AAKASCIIArt.m; sourceTree = "<group>"; };
		14CB158A19EB56F600D05E9C /* AAKASCIIArtGroup.h */ = {isa = PBXFileReference; fileEncoding = 4; lastKnownFileType = sourcecode.c.h; path = AAKASCIIArtGroup.h; sourceTree = "<group>"; };
		14CB158B19EB56F600D05E9C /* AAKASCIIArtGroup.m */ = {isa = PBXFileReference; fileEncoding = 4; lastKnownFileType = sourcecode.c.objc; path = AAKASCIIArtGroup.m; sourceTree = "<group>"; };
		14CB158E19EBC3B900D05E9C /* AAKHelper.h */ = {isa = PBXFileReference; fileEncoding = 4; lastKnownFileType = sourcecode.c.h; path = AAKHelper.h; sourceTree = "<group>"; };
		14F7A2F019E781A9007585CF /* AAKContentFlowLayout.h */ = {isa = PBXFileReference; fileEncoding = 4; lastKnownFileType = sourcecode.c.h; path = AAKContentFlowLayout.h; sourceTree = "<group>"; };
		14F7A2F119E781A9007585CF /* AAKContentFlowLayout.m */ = {isa = PBXFileReference; fileEncoding = 4; lastKnownFileType = sourcecode.c.objc; path = AAKContentFlowLayout.m; sourceTree = "<group>"; };
		14FBD3A319E21213005FC38B /* AAKeyboardApp.app */ = {isa = PBXFileReference; explicitFileType = wrapper.application; includeInIndex = 0; path = AAKeyboardApp.app; sourceTree = BUILT_PRODUCTS_DIR; };
		14FBD3A719E21213005FC38B /* Info.plist */ = {isa = PBXFileReference; lastKnownFileType = text.plist.xml; path = Info.plist; sourceTree = "<group>"; };
		14FBD3A819E21213005FC38B /* main.m */ = {isa = PBXFileReference; lastKnownFileType = sourcecode.c.objc; path = main.m; sourceTree = "<group>"; };
		14FBD3AA19E21213005FC38B /* AppDelegate.h */ = {isa = PBXFileReference; lastKnownFileType = sourcecode.c.h; path = AppDelegate.h; sourceTree = "<group>"; };
		14FBD3AB19E21213005FC38B /* AppDelegate.m */ = {isa = PBXFileReference; lastKnownFileType = sourcecode.c.objc; path = AppDelegate.m; sourceTree = "<group>"; };
		14FBD3AD19E21213005FC38B /* ViewController.h */ = {isa = PBXFileReference; lastKnownFileType = sourcecode.c.h; path = ViewController.h; sourceTree = "<group>"; };
		14FBD3AE19E21213005FC38B /* ViewController.m */ = {isa = PBXFileReference; lastKnownFileType = sourcecode.c.objc; path = ViewController.m; sourceTree = "<group>"; };
		14FBD3B119E21213005FC38B /* Base */ = {isa = PBXFileReference; lastKnownFileType = file.storyboard; name = Base; path = Base.lproj/Main.storyboard; sourceTree = "<group>"; };
		14FBD3B319E21213005FC38B /* Images.xcassets */ = {isa = PBXFileReference; lastKnownFileType = folder.assetcatalog; path = Images.xcassets; sourceTree = "<group>"; };
		14FBD3B619E21213005FC38B /* Base */ = {isa = PBXFileReference; lastKnownFileType = file.xib; name = Base; path = Base.lproj/LaunchScreen.xib; sourceTree = "<group>"; };
		14FBD3BC19E21213005FC38B /* AAKeyboardAppTests.xctest */ = {isa = PBXFileReference; explicitFileType = wrapper.cfbundle; includeInIndex = 0; path = AAKeyboardAppTests.xctest; sourceTree = BUILT_PRODUCTS_DIR; };
		14FBD3C119E21213005FC38B /* Info.plist */ = {isa = PBXFileReference; lastKnownFileType = text.plist.xml; path = Info.plist; sourceTree = "<group>"; };
		14FBD3C219E21213005FC38B /* AAKeyboardAppTests.m */ = {isa = PBXFileReference; lastKnownFileType = sourcecode.c.objc; path = AAKeyboardAppTests.m; sourceTree = "<group>"; };
		14FBD3D019E21263005FC38B /* keyboard.appex */ = {isa = PBXFileReference; explicitFileType = "wrapper.app-extension"; includeInIndex = 0; path = keyboard.appex; sourceTree = BUILT_PRODUCTS_DIR; };
		14FBD3D319E21263005FC38B /* Info.plist */ = {isa = PBXFileReference; lastKnownFileType = text.plist.xml; path = Info.plist; sourceTree = "<group>"; };
		14FBD3D419E21263005FC38B /* KeyboardViewController.h */ = {isa = PBXFileReference; lastKnownFileType = sourcecode.c.h; path = KeyboardViewController.h; sourceTree = "<group>"; };
		14FBD3D519E21263005FC38B /* KeyboardViewController.m */ = {isa = PBXFileReference; lastKnownFileType = sourcecode.c.objc; path = KeyboardViewController.m; sourceTree = "<group>"; };
/* End PBXFileReference section */

/* Begin PBXFrameworksBuildPhase section */
		14A5137B19EC68530098C02C /* Frameworks */ = {
			isa = PBXFrameworksBuildPhase;
			buildActionMask = 2147483647;
			files = (
			);
			runOnlyForDeploymentPostprocessing = 0;
		};
		14FBD3A019E21213005FC38B /* Frameworks */ = {
			isa = PBXFrameworksBuildPhase;
			buildActionMask = 2147483647;
			files = (
			);
			runOnlyForDeploymentPostprocessing = 0;
		};
		14FBD3B919E21213005FC38B /* Frameworks */ = {
			isa = PBXFrameworksBuildPhase;
			buildActionMask = 2147483647;
			files = (
			);
			runOnlyForDeploymentPostprocessing = 0;
		};
		14FBD3CD19E21263005FC38B /* Frameworks */ = {
			isa = PBXFrameworksBuildPhase;
			buildActionMask = 2147483647;
			files = (
			);
			runOnlyForDeploymentPostprocessing = 0;
		};
/* End PBXFrameworksBuildPhase section */

/* Begin PBXGroup section */
		14A5137F19EC68530098C02C /* register */ = {
			isa = PBXGroup;
			children = (
				1441E88119ECD7F300A4881F /* register.entitlements */,
				14A5138219EC68530098C02C /* ActionViewController.h */,
				14A5138319EC68530098C02C /* ActionViewController.m */,
				14A5138519EC68530098C02C /* MainInterface.storyboard */,
				14A5138019EC68530098C02C /* Supporting Files */,
			);
			path = register;
			sourceTree = "<group>";
		};
		14A5138019EC68530098C02C /* Supporting Files */ = {
			isa = PBXGroup;
			children = (
				14A5138119EC68530098C02C /* Info.plist */,
				14A5138F19EC75300098C02C /* extension_js.js */,
			);
			name = "Supporting Files";
			sourceTree = "<group>";
		};
		14CB155C19E935BB00D05E9C /* vendor */ = {
			isa = PBXGroup;
			children = (
				14CB155D19E935BB00D05E9C /* UZTextView */,
			);
			path = vendor;
			sourceTree = "<group>";
		};
		14CB155D19E935BB00D05E9C /* UZTextView */ = {
			isa = PBXGroup;
			children = (
				14CB155E19E935BB00D05E9C /* UZCursorView.h */,
				14CB155F19E935BB00D05E9C /* UZCursorView.m */,
				14CB156019E935BB00D05E9C /* UZLoupeView.h */,
				14CB156119E935BB00D05E9C /* UZLoupeView.m */,
				14CB156219E935BB00D05E9C /* UZTextView.h */,
				14CB156319E935BB00D05E9C /* UZTextView.m */,
			);
			path = UZTextView;
			sourceTree = "<group>";
		};
		14CB156A19E935D700D05E9C /* font */ = {
			isa = PBXGroup;
			children = (
				14CB156B19E935D700D05E9C /* mona.ttf */,
			);
			path = font;
			sourceTree = "<group>";
		};
		14FBD39A19E21213005FC38B = {
			isa = PBXGroup;
			children = (
				14CB156A19E935D700D05E9C /* font */,
				14CB155C19E935BB00D05E9C /* vendor */,
				14FBD3A519E21213005FC38B /* AAKeyboardApp */,
				14FBD3BF19E21213005FC38B /* AAKeyboardAppTests */,
				14FBD3D119E21263005FC38B /* keyboard */,
				14A5137F19EC68530098C02C /* register */,
				14FBD3A419E21213005FC38B /* Products */,
			);
			sourceTree = "<group>";
		};
		14FBD3A419E21213005FC38B /* Products */ = {
			isa = PBXGroup;
			children = (
				14FBD3A319E21213005FC38B /* AAKeyboardApp.app */,
				14FBD3BC19E21213005FC38B /* AAKeyboardAppTests.xctest */,
				14FBD3D019E21263005FC38B /* keyboard.appex */,
				14A5137E19EC68530098C02C /* register.appex */,
			);
			name = Products;
			sourceTree = "<group>";
		};
		14FBD3A519E21213005FC38B /* AAKeyboardApp */ = {
			isa = PBXGroup;
			children = (
				1441E88319ECD83C00A4881F /* AAKeyboardApp.entitlements */,
				14FBD3AA19E21213005FC38B /* AppDelegate.h */,
				14FBD3AB19E21213005FC38B /* AppDelegate.m */,
				14FBD3AD19E21213005FC38B /* ViewController.h */,
				14FBD3AE19E21213005FC38B /* ViewController.m */,
				145A376019E4316200BE34BE /* DummyKeyboardViewController.h */,
				145A376119E4316200BE34BE /* DummyKeyboardViewController.m */,
				14FBD3B019E21213005FC38B /* Main.storyboard */,
				14FBD3B319E21213005FC38B /* Images.xcassets */,
				14FBD3B519E21213005FC38B /* LaunchScreen.xib */,
				14FBD3A619E21213005FC38B /* Supporting Files */,
			);
			path = AAKeyboardApp;
			sourceTree = "<group>";
		};
		14FBD3A619E21213005FC38B /* Supporting Files */ = {
			isa = PBXGroup;
			children = (
				14FBD3A719E21213005FC38B /* Info.plist */,
				14FBD3A819E21213005FC38B /* main.m */,
			);
			name = "Supporting Files";
			sourceTree = "<group>";
		};
		14FBD3BF19E21213005FC38B /* AAKeyboardAppTests */ = {
			isa = PBXGroup;
			children = (
				14FBD3C219E21213005FC38B /* AAKeyboardAppTests.m */,
				14FBD3C019E21213005FC38B /* Supporting Files */,
			);
			path = AAKeyboardAppTests;
			sourceTree = "<group>";
		};
		14FBD3C019E21213005FC38B /* Supporting Files */ = {
			isa = PBXGroup;
			children = (
				14FBD3C119E21213005FC38B /* Info.plist */,
			);
			name = "Supporting Files";
			sourceTree = "<group>";
		};
		14FBD3D119E21263005FC38B /* keyboard */ = {
			isa = PBXGroup;
			children = (
				1441E88219ECD7FF00A4881F /* keyboard.entitlements */,
				14CB158A19EB56F600D05E9C /* AAKASCIIArtGroup.h */,
				14CB158B19EB56F600D05E9C /* AAKASCIIArtGroup.m */,
				14CB158619EB420F00D05E9C /* AAKASCIIArt.h */,
				14CB158719EB420F00D05E9C /* AAKASCIIArt.m */,
				14CB157619E9C73900D05E9C /* NSParagraphStyle+keyboard.h */,
				14CB157719E9C73900D05E9C /* NSParagraphStyle+keyboard.m */,
				14CB156E19E9C3C200D05E9C /* AAKTextView.h */,
				14CB156F19E9C3C200D05E9C /* AAKTextView.m */,
				1491181119E42AA80039488F /* UITraitCollection+keyboard.h */,
				1491181219E42AA80039488F /* UITraitCollection+keyboard.m */,
				14F7A2F019E781A9007585CF /* AAKContentFlowLayout.h */,
				14F7A2F119E781A9007585CF /* AAKContentFlowLayout.m */,
				14B2673C19E6BFD000C0321D /* AAKToolbar.h */,
				14B2673D19E6BFD000C0321D /* AAKToolbar.m */,
				14B2674019E6BFE900C0321D /* AAKKeyboardView.h */,
				14B2674119E6BFE900C0321D /* AAKKeyboardView.m */,
				14B2674819E6CB2500C0321D /* AAKContentCell.h */,
				14B2674919E6CB2500C0321D /* AAKContentCell.m */,
				14B73C6319E3C7CA0031DCB6 /* AAKToolbarCell.h */,
				14B73C6419E3C7CA0031DCB6 /* AAKToolbarCell.m */,
				14CB157A19EA328500D05E9C /* AAKToolbarHistoryCell.h */,
				14CB157B19EA328500D05E9C /* AAKToolbarHistoryCell.m */,
				14FBD3D419E21263005FC38B /* KeyboardViewController.h */,
				14FBD3D519E21263005FC38B /* KeyboardViewController.m */,
				14FBD3D219E21263005FC38B /* Supporting Files */,
				14CB158E19EBC3B900D05E9C /* AAKHelper.h */,
			);
			path = keyboard;
			sourceTree = "<group>";
		};
		14FBD3D219E21263005FC38B /* Supporting Files */ = {
			isa = PBXGroup;
			children = (
				14FBD3D319E21263005FC38B /* Info.plist */,
			);
			name = "Supporting Files";
			sourceTree = "<group>";
		};
/* End PBXGroup section */

/* Begin PBXNativeTarget section */
		14A5137D19EC68530098C02C /* register */ = {
			isa = PBXNativeTarget;
			buildConfigurationList = 14A5138E19EC68530098C02C /* Build configuration list for PBXNativeTarget "register" */;
			buildPhases = (
				14A5137A19EC68530098C02C /* Sources */,
				14A5137B19EC68530098C02C /* Frameworks */,
				14A5137C19EC68530098C02C /* Resources */,
			);
			buildRules = (
			);
			dependencies = (
			);
			name = register;
			productName = register;
			productReference = 14A5137E19EC68530098C02C /* register.appex */;
			productType = "com.apple.product-type.app-extension";
		};
		14FBD3A219E21213005FC38B /* AAKeyboardApp */ = {
			isa = PBXNativeTarget;
			buildConfigurationList = 14FBD3C619E21213005FC38B /* Build configuration list for PBXNativeTarget "AAKeyboardApp" */;
			buildPhases = (
				14FBD39F19E21213005FC38B /* Sources */,
				14FBD3A019E21213005FC38B /* Frameworks */,
				14FBD3A119E21213005FC38B /* Resources */,
				14FBD3DD19E21263005FC38B /* Embed App Extensions */,
			);
			buildRules = (
			);
			dependencies = (
				14FBD3D819E21263005FC38B /* PBXTargetDependency */,
				14A5138819EC68530098C02C /* PBXTargetDependency */,
				14A5138B19EC68530098C02C /* PBXTargetDependency */,
			);
			name = AAKeyboardApp;
			productName = AAKeyboardApp;
			productReference = 14FBD3A319E21213005FC38B /* AAKeyboardApp.app */;
			productType = "com.apple.product-type.application";
		};
		14FBD3BB19E21213005FC38B /* AAKeyboardAppTests */ = {
			isa = PBXNativeTarget;
			buildConfigurationList = 14FBD3C919E21213005FC38B /* Build configuration list for PBXNativeTarget "AAKeyboardAppTests" */;
			buildPhases = (
				14FBD3B819E21213005FC38B /* Sources */,
				14FBD3B919E21213005FC38B /* Frameworks */,
				14FBD3BA19E21213005FC38B /* Resources */,
			);
			buildRules = (
			);
			dependencies = (
				14FBD3BE19E21213005FC38B /* PBXTargetDependency */,
			);
			name = AAKeyboardAppTests;
			productName = AAKeyboardAppTests;
			productReference = 14FBD3BC19E21213005FC38B /* AAKeyboardAppTests.xctest */;
			productType = "com.apple.product-type.bundle.unit-test";
		};
		14FBD3CF19E21263005FC38B /* keyboard */ = {
			isa = PBXNativeTarget;
			buildConfigurationList = 14FBD3DA19E21263005FC38B /* Build configuration list for PBXNativeTarget "keyboard" */;
			buildPhases = (
				14FBD3CC19E21263005FC38B /* Sources */,
				14FBD3CD19E21263005FC38B /* Frameworks */,
				14FBD3CE19E21263005FC38B /* Resources */,
			);
			buildRules = (
			);
			dependencies = (
			);
			name = keyboard;
			productName = keyboard;
			productReference = 14FBD3D019E21263005FC38B /* keyboard.appex */;
			productType = "com.apple.product-type.app-extension";
		};
/* End PBXNativeTarget section */

/* Begin PBXProject section */
		14FBD39B19E21213005FC38B /* Project object */ = {
			isa = PBXProject;
			attributes = {
				LastUpgradeCheck = 0610;
				ORGANIZATIONNAME = sonson;
				TargetAttributes = {
					14A5137D19EC68530098C02C = {
						CreatedOnToolsVersion = 6.0.1;
						DevelopmentTeam = JP866VWWSD;
						SystemCapabilities = {
							com.apple.ApplicationGroups.iOS = {
								enabled = 1;
							};
						};
					};
					14FBD3A219E21213005FC38B = {
						CreatedOnToolsVersion = 6.1;
						DevelopmentTeam = JP866VWWSD;
						SystemCapabilities = {
							com.apple.ApplicationGroups.iOS = {
								enabled = 1;
							};
						};
					};
					14FBD3BB19E21213005FC38B = {
						CreatedOnToolsVersion = 6.1;
						TestTargetID = 14FBD3A219E21213005FC38B;
					};
					14FBD3CF19E21263005FC38B = {
						CreatedOnToolsVersion = 6.1;
						DevelopmentTeam = JP866VWWSD;
						SystemCapabilities = {
							com.apple.ApplicationGroups.iOS = {
								enabled = 1;
							};
						};
					};
				};
			};
			buildConfigurationList = 14FBD39E19E21213005FC38B /* Build configuration list for PBXProject "AAKeyboardApp" */;
			compatibilityVersion = "Xcode 3.2";
			developmentRegion = English;
			hasScannedForEncodings = 0;
			knownRegions = (
				en,
				Base,
			);
			mainGroup = 14FBD39A19E21213005FC38B;
			productRefGroup = 14FBD3A419E21213005FC38B /* Products */;
			projectDirPath = "";
			projectRoot = "";
			targets = (
				14FBD3A219E21213005FC38B /* AAKeyboardApp */,
				14FBD3BB19E21213005FC38B /* AAKeyboardAppTests */,
				14FBD3CF19E21263005FC38B /* keyboard */,
				14A5137D19EC68530098C02C /* register */,
			);
		};
/* End PBXProject section */

/* Begin PBXResourcesBuildPhase section */
		14A5137C19EC68530098C02C /* Resources */ = {
			isa = PBXResourcesBuildPhase;
			buildActionMask = 2147483647;
			files = (
				14A5139119EC75300098C02C /* extension_js.js in Resources */,
				14A5138619EC68530098C02C /* MainInterface.storyboard in Resources */,
				14A5139819EC85BF0098C02C /* mona.ttf in Resources */,
			);
			runOnlyForDeploymentPostprocessing = 0;
		};
		14FBD3A119E21213005FC38B /* Resources */ = {
			isa = PBXResourcesBuildPhase;
			buildActionMask = 2147483647;
			files = (
				14FBD3B219E21213005FC38B /* Main.storyboard in Resources */,
				14FBD3B719E21213005FC38B /* LaunchScreen.xib in Resources */,
				14FBD3B419E21213005FC38B /* Images.xcassets in Resources */,
				14CB156C19E935D700D05E9C /* mona.ttf in Resources */,
			);
			runOnlyForDeploymentPostprocessing = 0;
		};
		14FBD3BA19E21213005FC38B /* Resources */ = {
			isa = PBXResourcesBuildPhase;
			buildActionMask = 2147483647;
			files = (
			);
			runOnlyForDeploymentPostprocessing = 0;
		};
		14FBD3CE19E21263005FC38B /* Resources */ = {
			isa = PBXResourcesBuildPhase;
			buildActionMask = 2147483647;
			files = (
				1422A34C19E66FA9008E359B /* Images.xcassets in Resources */,
				14CB156D19E935D700D05E9C /* mona.ttf in Resources */,
			);
			runOnlyForDeploymentPostprocessing = 0;
		};
/* End PBXResourcesBuildPhase section */

/* Begin PBXSourcesBuildPhase section */
		14A5137A19EC68530098C02C /* Sources */ = {
			isa = PBXSourcesBuildPhase;
			buildActionMask = 2147483647;
			files = (
				14A5139719EC857E0098C02C /* NSParagraphStyle+keyboard.m in Sources */,
				14A5138419EC68530098C02C /* ActionViewController.m in Sources */,
				14A5139319EC85710098C02C /* UZCursorView.m in Sources */,
				14A5139519EC85710098C02C /* UZTextView.m in Sources */,
				14A5139419EC85710098C02C /* UZLoupeView.m in Sources */,
				14A5139619EC85750098C02C /* AAKTextView.m in Sources */,
			);
			runOnlyForDeploymentPostprocessing = 0;
		};
		14FBD39F19E21213005FC38B /* Sources */ = {
			isa = PBXSourcesBuildPhase;
			buildActionMask = 2147483647;
			files = (
				14CB158819EB420F00D05E9C /* AAKASCIIArt.m in Sources */,
				14CB157819E9C73900D05E9C /* NSParagraphStyle+keyboard.m in Sources */,
				14B73C6719E3C9060031DCB6 /* AAKToolbarCell.m in Sources */,
				14CB156819E935BB00D05E9C /* UZTextView.m in Sources */,
				14FBD3AF19E21213005FC38B /* ViewController.m in Sources */,
				14CB157C19EA328500D05E9C /* AAKToolbarHistoryCell.m in Sources */,
				14F7A2F319E781E0007585CF /* AAKContentFlowLayout.m in Sources */,
				14FBD3AC19E21213005FC38B /* AppDelegate.m in Sources */,
				14B2674A19E6CB2500C0321D /* AAKContentCell.m in Sources */,
				14B2673F19E6BFD300C0321D /* AAKToolbar.m in Sources */,
				14B2674219E6BFE900C0321D /* AAKKeyboardView.m in Sources */,
				14FBD3A919E21213005FC38B /* main.m in Sources */,
				14CB157019E9C3C200D05E9C /* AAKTextView.m in Sources */,
				1491181319E42AA80039488F /* UITraitCollection+keyboard.m in Sources */,
				145A376219E4316200BE34BE /* DummyKeyboardViewController.m in Sources */,
				14CB158C19EB56F600D05E9C /* AAKASCIIArtGroup.m in Sources */,
				14CB156419E935BB00D05E9C /* UZCursorView.m in Sources */,
				14CB156619E935BB00D05E9C /* UZLoupeView.m in Sources */,
			);
			runOnlyForDeploymentPostprocessing = 0;
		};
		14FBD3B819E21213005FC38B /* Sources */ = {
			isa = PBXSourcesBuildPhase;
			buildActionMask = 2147483647;
			files = (
				14FBD3C319E21213005FC38B /* AAKeyboardAppTests.m in Sources */,
			);
			runOnlyForDeploymentPostprocessing = 0;
		};
		14FBD3CC19E21263005FC38B /* Sources */ = {
			isa = PBXSourcesBuildPhase;
			buildActionMask = 2147483647;
			files = (
				14B73C6519E3C7CA0031DCB6 /* AAKToolbarCell.m in Sources */,
				14CB156519E935BB00D05E9C /* UZCursorView.m in Sources */,
				14CB156719E935BB00D05E9C /* UZLoupeView.m in Sources */,
				14B2674B19E6CB2500C0321D /* AAKContentCell.m in Sources */,
				14CB157119E9C3C200D05E9C /* AAKTextView.m in Sources */,
				14CB158919EB420F00D05E9C /* AAKASCIIArt.m in Sources */,
				14CB158D19EB56F600D05E9C /* AAKASCIIArtGroup.m in Sources */,
				14CB156919E935BB00D05E9C /* UZTextView.m in Sources */,
				14CB157919E9C73900D05E9C /* NSParagraphStyle+keyboard.m in Sources */,
				1491181419E42AA80039488F /* UITraitCollection+keyboard.m in Sources */,
				14B2673E19E6BFD000C0321D /* AAKToolbar.m in Sources */,
				14B2674319E6BFE900C0321D /* AAKKeyboardView.m in Sources */,
				14FBD3D619E21263005FC38B /* KeyboardViewController.m in Sources */,
				14F7A2F219E781A9007585CF /* AAKContentFlowLayout.m in Sources */,
				14CB157D19EA328500D05E9C /* AAKToolbarHistoryCell.m in Sources */,
			);
			runOnlyForDeploymentPostprocessing = 0;
		};
/* End PBXSourcesBuildPhase section */

/* Begin PBXTargetDependency section */
		14A5138819EC68530098C02C /* PBXTargetDependency */ = {
			isa = PBXTargetDependency;
			target = 14A5137D19EC68530098C02C /* register */;
			targetProxy = 14A5138719EC68530098C02C /* PBXContainerItemProxy */;
		};
		14A5138B19EC68530098C02C /* PBXTargetDependency */ = {
			isa = PBXTargetDependency;
			target = 14A5137D19EC68530098C02C /* register */;
			targetProxy = 14A5138A19EC68530098C02C /* PBXContainerItemProxy */;
		};
		14FBD3BE19E21213005FC38B /* PBXTargetDependency */ = {
			isa = PBXTargetDependency;
			target = 14FBD3A219E21213005FC38B /* AAKeyboardApp */;
			targetProxy = 14FBD3BD19E21213005FC38B /* PBXContainerItemProxy */;
		};
		14FBD3D819E21263005FC38B /* PBXTargetDependency */ = {
			isa = PBXTargetDependency;
			target = 14FBD3CF19E21263005FC38B /* keyboard */;
			targetProxy = 14FBD3D719E21263005FC38B /* PBXContainerItemProxy */;
		};
/* End PBXTargetDependency section */

/* Begin PBXVariantGroup section */
		14FBD3B019E21213005FC38B /* Main.storyboard */ = {
			isa = PBXVariantGroup;
			children = (
				14FBD3B119E21213005FC38B /* Base */,
			);
			name = Main.storyboard;
			sourceTree = "<group>";
		};
		14FBD3B519E21213005FC38B /* LaunchScreen.xib */ = {
			isa = PBXVariantGroup;
			children = (
				14FBD3B619E21213005FC38B /* Base */,
			);
			name = LaunchScreen.xib;
			sourceTree = "<group>";
		};
/* End PBXVariantGroup section */

/* Begin XCBuildConfiguration section */
		14A5138C19EC68530098C02C /* Debug */ = {
			isa = XCBuildConfiguration;
			buildSettings = {
				CODE_SIGN_ENTITLEMENTS = register/register.entitlements;
				"CODE_SIGN_IDENTITY[sdk=iphoneos*]" = "iPhone Developer: Yuichi Yoshida (AK9FYY958C)";
				GCC_PREPROCESSOR_DEFINITIONS = (
					"DEBUG=1",
					"$(inherited)",
					TARGET_IS_EXTENSION,
					_DEBUG,
				);
				INFOPLIST_FILE = register/Info.plist;
				LD_RUNPATH_SEARCH_PATHS = "$(inherited) @executable_path/Frameworks @executable_path/../../Frameworks";
				PRODUCT_NAME = "$(TARGET_NAME)";
				PROVISIONING_PROFILE = "5009c6e9-307b-4d6d-91c5-3a53d65285a1";
				SKIP_INSTALL = YES;
			};
			name = Debug;
		};
		14A5138D19EC68530098C02C /* Release */ = {
			isa = XCBuildConfiguration;
			buildSettings = {
				CODE_SIGN_ENTITLEMENTS = register/register.entitlements;
				"CODE_SIGN_IDENTITY[sdk=iphoneos*]" = "iPhone Developer: Yuichi Yoshida (AK9FYY958C)";
				GCC_PREPROCESSOR_DEFINITIONS = TARGET_IS_EXTENSION;
				INFOPLIST_FILE = register/Info.plist;
				LD_RUNPATH_SEARCH_PATHS = "$(inherited) @executable_path/Frameworks @executable_path/../../Frameworks";
				PRODUCT_NAME = "$(TARGET_NAME)";
				PROVISIONING_PROFILE = "5009c6e9-307b-4d6d-91c5-3a53d65285a1";
				SKIP_INSTALL = YES;
			};
			name = Release;
		};
		14FBD3C419E21213005FC38B /* Debug */ = {
			isa = XCBuildConfiguration;
			buildSettings = {
				ALWAYS_SEARCH_USER_PATHS = NO;
				CLANG_CXX_LANGUAGE_STANDARD = "gnu++0x";
				CLANG_CXX_LIBRARY = "libc++";
				CLANG_ENABLE_MODULES = YES;
				CLANG_ENABLE_OBJC_ARC = YES;
				CLANG_WARN_BOOL_CONVERSION = YES;
				CLANG_WARN_CONSTANT_CONVERSION = YES;
				CLANG_WARN_DIRECT_OBJC_ISA_USAGE = YES_ERROR;
				CLANG_WARN_EMPTY_BODY = YES;
				CLANG_WARN_ENUM_CONVERSION = YES;
				CLANG_WARN_INT_CONVERSION = YES;
				CLANG_WARN_OBJC_ROOT_CLASS = YES_ERROR;
				CLANG_WARN_UNREACHABLE_CODE = YES;
				CLANG_WARN__DUPLICATE_METHOD_MATCH = YES;
				"CODE_SIGN_IDENTITY[sdk=iphoneos*]" = "iPhone Developer";
				COPY_PHASE_STRIP = NO;
				ENABLE_STRICT_OBJC_MSGSEND = YES;
				GCC_C_LANGUAGE_STANDARD = gnu99;
				GCC_DYNAMIC_NO_PIC = NO;
				GCC_OPTIMIZATION_LEVEL = 0;
				GCC_PREPROCESSOR_DEFINITIONS = (
					"DEBUG=1",
					"$(inherited)",
				);
				GCC_SYMBOLS_PRIVATE_EXTERN = NO;
				GCC_WARN_64_TO_32_BIT_CONVERSION = YES;
				GCC_WARN_ABOUT_RETURN_TYPE = YES_ERROR;
				GCC_WARN_UNDECLARED_SELECTOR = YES;
				GCC_WARN_UNINITIALIZED_AUTOS = YES_AGGRESSIVE;
				GCC_WARN_UNUSED_FUNCTION = YES;
				GCC_WARN_UNUSED_VARIABLE = YES;
				IPHONEOS_DEPLOYMENT_TARGET = 8.0;
				MTL_ENABLE_DEBUG_INFO = YES;
				ONLY_ACTIVE_ARCH = YES;
				SDKROOT = iphoneos;
				TARGETED_DEVICE_FAMILY = "1,2";
			};
			name = Debug;
		};
		14FBD3C519E21213005FC38B /* Release */ = {
			isa = XCBuildConfiguration;
			buildSettings = {
				ALWAYS_SEARCH_USER_PATHS = NO;
				CLANG_CXX_LANGUAGE_STANDARD = "gnu++0x";
				CLANG_CXX_LIBRARY = "libc++";
				CLANG_ENABLE_MODULES = YES;
				CLANG_ENABLE_OBJC_ARC = YES;
				CLANG_WARN_BOOL_CONVERSION = YES;
				CLANG_WARN_CONSTANT_CONVERSION = YES;
				CLANG_WARN_DIRECT_OBJC_ISA_USAGE = YES_ERROR;
				CLANG_WARN_EMPTY_BODY = YES;
				CLANG_WARN_ENUM_CONVERSION = YES;
				CLANG_WARN_INT_CONVERSION = YES;
				CLANG_WARN_OBJC_ROOT_CLASS = YES_ERROR;
				CLANG_WARN_UNREACHABLE_CODE = YES;
				CLANG_WARN__DUPLICATE_METHOD_MATCH = YES;
				"CODE_SIGN_IDENTITY[sdk=iphoneos*]" = "iPhone Distribution";
				COPY_PHASE_STRIP = YES;
				ENABLE_NS_ASSERTIONS = NO;
				ENABLE_STRICT_OBJC_MSGSEND = YES;
				GCC_C_LANGUAGE_STANDARD = gnu99;
				GCC_WARN_64_TO_32_BIT_CONVERSION = YES;
				GCC_WARN_ABOUT_RETURN_TYPE = YES_ERROR;
				GCC_WARN_UNDECLARED_SELECTOR = YES;
				GCC_WARN_UNINITIALIZED_AUTOS = YES_AGGRESSIVE;
				GCC_WARN_UNUSED_FUNCTION = YES;
				GCC_WARN_UNUSED_VARIABLE = YES;
				IPHONEOS_DEPLOYMENT_TARGET = 8.0;
				MTL_ENABLE_DEBUG_INFO = NO;
				SDKROOT = iphoneos;
				TARGETED_DEVICE_FAMILY = "1,2";
				VALIDATE_PRODUCT = YES;
			};
			name = Release;
		};
		14FBD3C719E21213005FC38B /* Debug */ = {
			isa = XCBuildConfiguration;
			buildSettings = {
				ASSETCATALOG_COMPILER_APPICON_NAME = AppIcon;
				CODE_SIGN_ENTITLEMENTS = AAKeyboardApp/AAKeyboardApp.entitlements;
				"CODE_SIGN_IDENTITY[sdk=iphoneos*]" = "iPhone Developer: Yuichi Yoshida (AK9FYY958C)";
				GCC_PREPROCESSOR_DEFINITIONS = (
					"DEBUG=1",
					"$(inherited)",
					_DEBUG,
				);
				INFOPLIST_FILE = AAKeyboardApp/Info.plist;
				LD_RUNPATH_SEARCH_PATHS = "$(inherited) @executable_path/Frameworks";
				PRODUCT_NAME = "$(TARGET_NAME)";
				PROVISIONING_PROFILE = "427c956d-7d2d-4171-b1a7-567383e53e4d";
			};
			name = Debug;
		};
		14FBD3C819E21213005FC38B /* Release */ = {
			isa = XCBuildConfiguration;
			buildSettings = {
				ASSETCATALOG_COMPILER_APPICON_NAME = AppIcon;
				CODE_SIGN_ENTITLEMENTS = AAKeyboardApp/AAKeyboardApp.entitlements;
				"CODE_SIGN_IDENTITY[sdk=iphoneos*]" = "iPhone Developer: Yuichi Yoshida (AK9FYY958C)";
				INFOPLIST_FILE = AAKeyboardApp/Info.plist;
				LD_RUNPATH_SEARCH_PATHS = "$(inherited) @executable_path/Frameworks";
				PRODUCT_NAME = "$(TARGET_NAME)";
				PROVISIONING_PROFILE = "427c956d-7d2d-4171-b1a7-567383e53e4d";
			};
			name = Release;
		};
		14FBD3CA19E21213005FC38B /* Debug */ = {
			isa = XCBuildConfiguration;
			buildSettings = {
				BUNDLE_LOADER = "$(TEST_HOST)";
				FRAMEWORK_SEARCH_PATHS = (
					"$(SDKROOT)/Developer/Library/Frameworks",
					"$(inherited)",
				);
				GCC_PREPROCESSOR_DEFINITIONS = (
					"DEBUG=1",
					"$(inherited)",
				);
				INFOPLIST_FILE = AAKeyboardAppTests/Info.plist;
				LD_RUNPATH_SEARCH_PATHS = "$(inherited) @executable_path/Frameworks @loader_path/Frameworks";
				PRODUCT_NAME = "$(TARGET_NAME)";
				TEST_HOST = "$(BUILT_PRODUCTS_DIR)/AAKeyboardApp.app/AAKeyboardApp";
			};
			name = Debug;
		};
		14FBD3CB19E21213005FC38B /* Release */ = {
			isa = XCBuildConfiguration;
			buildSettings = {
				BUNDLE_LOADER = "$(TEST_HOST)";
				FRAMEWORK_SEARCH_PATHS = (
					"$(SDKROOT)/Developer/Library/Frameworks",
					"$(inherited)",
				);
				INFOPLIST_FILE = AAKeyboardAppTests/Info.plist;
				LD_RUNPATH_SEARCH_PATHS = "$(inherited) @executable_path/Frameworks @loader_path/Frameworks";
				PRODUCT_NAME = "$(TARGET_NAME)";
				TEST_HOST = "$(BUILT_PRODUCTS_DIR)/AAKeyboardApp.app/AAKeyboardApp";
			};
			name = Release;
		};
		14FBD3DB19E21263005FC38B /* Debug */ = {
			isa = XCBuildConfiguration;
			buildSettings = {
				CODE_SIGN_ENTITLEMENTS = keyboard/keyboard.entitlements;
				"CODE_SIGN_IDENTITY[sdk=iphoneos*]" = "iPhone Developer: Yuichi Yoshida (AK9FYY958C)";
				GCC_PREPROCESSOR_DEFINITIONS = (
					"DEBUG=1",
					"$(inherited)",
					_DEBUG,
					TARGET_IS_EXTENSION,
				);
				INFOPLIST_FILE = keyboard/Info.plist;
				LD_RUNPATH_SEARCH_PATHS = "$(inherited) @executable_path/Frameworks @executable_path/../../Frameworks";
				PRODUCT_NAME = "$(TARGET_NAME)";
				PROVISIONING_PROFILE = "6b9a960b-927c-4c62-8fde-4077db76ca31";
				SKIP_INSTALL = YES;
			};
			name = Debug;
		};
		14FBD3DC19E21263005FC38B /* Release */ = {
			isa = XCBuildConfiguration;
			buildSettings = {
				CODE_SIGN_ENTITLEMENTS = keyboard/keyboard.entitlements;
				"CODE_SIGN_IDENTITY[sdk=iphoneos*]" = "iPhone Developer: Yuichi Yoshida (AK9FYY958C)";
				GCC_PREPROCESSOR_DEFINITIONS = TARGET_IS_EXTENSION;
				INFOPLIST_FILE = keyboard/Info.plist;
				LD_RUNPATH_SEARCH_PATHS = "$(inherited) @executable_path/Frameworks @executable_path/../../Frameworks";
				PRODUCT_NAME = "$(TARGET_NAME)";
				PROVISIONING_PROFILE = "6b9a960b-927c-4c62-8fde-4077db76ca31";
				SKIP_INSTALL = YES;
			};
			name = Release;
		};
/* End XCBuildConfiguration section */

/* Begin XCConfigurationList section */
		14A5138E19EC68530098C02C /* Build configuration list for PBXNativeTarget "register" */ = {
			isa = XCConfigurationList;
			buildConfigurations = (
				14A5138C19EC68530098C02C /* Debug */,
				14A5138D19EC68530098C02C /* Release */,
			);
			defaultConfigurationIsVisible = 0;
			defaultConfigurationName = Release;
		};
		14FBD39E19E21213005FC38B /* Build configuration list for PBXProject "AAKeyboardApp" */ = {
			isa = XCConfigurationList;
			buildConfigurations = (
				14FBD3C419E21213005FC38B /* Debug */,
				14FBD3C519E21213005FC38B /* Release */,
			);
			defaultConfigurationIsVisible = 0;
			defaultConfigurationName = Release;
		};
		14FBD3C619E21213005FC38B /* Build configuration list for PBXNativeTarget "AAKeyboardApp" */ = {
			isa = XCConfigurationList;
			buildConfigurations = (
				14FBD3C719E21213005FC38B /* Debug */,
				14FBD3C819E21213005FC38B /* Release */,
			);
			defaultConfigurationIsVisible = 0;
			defaultConfigurationName = Release;
		};
		14FBD3C919E21213005FC38B /* Build configuration list for PBXNativeTarget "AAKeyboardAppTests" */ = {
			isa = XCConfigurationList;
			buildConfigurations = (
				14FBD3CA19E21213005FC38B /* Debug */,
				14FBD3CB19E21213005FC38B /* Release */,
			);
			defaultConfigurationIsVisible = 0;
			defaultConfigurationName = Release;
		};
		14FBD3DA19E21263005FC38B /* Build configuration list for PBXNativeTarget "keyboard" */ = {
			isa = XCConfigurationList;
			buildConfigurations = (
				14FBD3DB19E21263005FC38B /* Debug */,
				14FBD3DC19E21263005FC38B /* Release */,
			);
			defaultConfigurationIsVisible = 0;
			defaultConfigurationName = Release;
		};
/* End XCConfigurationList section */
	};
	rootObject = 14FBD39B19E21213005FC38B /* Project object */;
}
